<?xml version="1.0" encoding="utf-8"?>
<Project ToolsVersion="4.0" xmlns="http://schemas.microsoft.com/developer/msbuild/2003">
  <ItemGroup>
    <Filter Include="Source Files">
      <UniqueIdentifier>{4FC737F1-C7A5-4376-A066-2A32D752A2FF}</UniqueIdentifier>
      <Extensions>cpp;c;cc;cxx;def;odl;idl;hpj;bat;asm;asmx</Extensions>
    </Filter>
    <Filter Include="Header Files">
      <UniqueIdentifier>{93995380-89BD-4b04-88EB-625FBE52EBFB}</UniqueIdentifier>
      <Extensions>h;hh;hpp;hxx;hm;inl;inc;xsd</Extensions>
    </Filter>
    <Filter Include="Resource Files">
      <UniqueIdentifier>{67DA6AB6-F800-4c08-8B7A-83BB121AAD01}</UniqueIdentifier>
      <Extensions>rc;ico;cur;bmp;dlg;rc2;rct;bin;rgs;gif;jpg;jpeg;jpe;resx;tiff;tif;png;wav;mfcribbon-ms</Extensions>
    </Filter>
    <Filter Include="Header Files\Worlds">
      <UniqueIdentifier>{300239ed-5e36-4e91-b7f3-d569dedffe42}</UniqueIdentifier>
    </Filter>
    <Filter Include="Source Files\Cameras">
      <UniqueIdentifier>{6d1471de-ed59-448d-b3db-5dde635855d4}</UniqueIdentifier>
    </Filter>
    <Filter Include="Source Files\Worlds">
      <UniqueIdentifier>{1e2e39b1-9863-448b-99cd-3585808dc0fd}</UniqueIdentifier>
    </Filter>
    <Filter Include="Header Files\Pieces">
      <UniqueIdentifier>{a9724d1a-e9c3-40d1-96cb-f84e0e7d0f3a}</UniqueIdentifier>
    </Filter>
    <Filter Include="Source Files\Pieces">
      <UniqueIdentifier>{69db781b-f832-4353-b6de-8b5ac297b951}</UniqueIdentifier>
    </Filter>
    <Filter Include="Header Files\Actions">
      <UniqueIdentifier>{806e6ad4-1b8d-4e9d-a73a-92f9bc37b1fd}</UniqueIdentifier>
    </Filter>
    <Filter Include="Source Files\Actions">
      <UniqueIdentifier>{69db7d88-1809-4d04-a9c9-a7e1b72ddd30}</UniqueIdentifier>
    </Filter>
    <Filter Include="Source Files\Properties">
      <UniqueIdentifier>{8e4ec2e0-dac9-46b0-9740-b31093a03225}</UniqueIdentifier>
    </Filter>
    <Filter Include="Header Files\Properties">
      <UniqueIdentifier>{9e56bd49-410e-450c-95c9-022d3abce295}</UniqueIdentifier>
    </Filter>
    <Filter Include="Source Files\Interface">
      <UniqueIdentifier>{14308d95-1468-45b6-ac37-3e0a47e4cc9d}</UniqueIdentifier>
    </Filter>
    <Filter Include="Header Files\Interface">
      <UniqueIdentifier>{0eb40d42-7b67-4581-9bd1-36fcd2515f92}</UniqueIdentifier>
    </Filter>
    <Filter Include="Header Files\Camera">
      <UniqueIdentifier>{91c7c1b2-6534-49cd-822f-687353f76feb}</UniqueIdentifier>
    </Filter>
  </ItemGroup>
  <ItemGroup>
    <ClInclude Include="RushGame.h">
      <Filter>Header Files</Filter>
    </ClInclude>
    <ClInclude Include="RushCameras.h">
      <Filter>Header Files\Camera</Filter>
    </ClInclude>
    <ClInclude Include="RushCameraNavigation.h">
      <Filter>Header Files\Camera</Filter>
    </ClInclude>
    <ClInclude Include="RushTestWorld.h">
      <Filter>Header Files\Worlds</Filter>
    </ClInclude>
    <ClInclude Include="RushPieceBase.h">
      <Filter>Header Files\Pieces</Filter>
    </ClInclude>
    <ClInclude Include="RushCommandAction.h">
      <Filter>Header Files\Actions</Filter>
    </ClInclude>
    <ClInclude Include="GroundProperty.h">
      <Filter>Header Files\Properties</Filter>
    </ClInclude>
    <ClInclude Include="MouseInterface.h">
      <Filter>Header Files\Interface</Filter>
    </ClInclude>
    <ClInclude Include="RushLoad.h">
      <Filter>Header Files\Interface</Filter>
    </ClInclude>
    <ClInclude Include="RushSelectPanel.h">
      <Filter>Header Files\Interface</Filter>
    </ClInclude>
  </ItemGroup>
  <ItemGroup>
    <ClCompile Include="RushGame.cpp">
      <Filter>Source Files</Filter>
    </ClCompile>
    <ClCompile Include="RushCameras.cpp">
      <Filter>Source Files\Cameras</Filter>
    </ClCompile>
    <ClCompile Include="RushTestWorld.cpp">
      <Filter>Source Files\Worlds</Filter>
    </ClCompile>
    <ClCompile Include="RushCameraNavigation.cpp">
      <Filter>Source Files\Cameras</Filter>
    </ClCompile>
    <ClCompile Include="RushPieceBase.cpp">
      <Filter>Source Files\Pieces</Filter>
    </ClCompile>
    <ClCompile Include="RushCommandAction.cpp">
      <Filter>Source Files\Actions</Filter>
    </ClCompile>
    <ClCompile Include="GroundProperty.cpp">
      <Filter>Source Files\Properties</Filter>
    </ClCompile>
    <ClCompile Include="MouseInterface.cpp">
      <Filter>Source Files\Interface</Filter>
    </ClCompile>
    <ClCompile Include="RushLoad.cpp">
      <Filter>Source Files\Interface</Filter>
    </ClCompile>
    <ClCompile Include="RushSelectPanel.cpp">
      <Filter>Source Files\Interface</Filter>
    </ClCompile>
  </ItemGroup>
</Project>